
Microsoft Visual Studio Solution File, Format Version 12.00
# Visual Studio Version 16
VisualStudioVersion = 16.0.29306.81
MinimumVisualStudioVersion = 10.0.40219.1
Project("{FAE04EC0-301F-11D3-BF4B-00C04F79EFBC}") = "TracerTest", "TracerTest\TracerTest.csproj", "{FFAFC575-006B-4DFA-A245-4A99AF75EF60}"
EndProject
Global
	GlobalSection(SolutionConfigurationPlatforms) = preSolution
		Debug|Any CPU = Debug|Any CPU
		Release|Any CPU = Release|Any CPU
	EndGlobalSection
	GlobalSection(ProjectConfigurationPlatforms) = postSolution
		{FFAFC575-006B-4DFA-A245-4A99AF75EF60}.Debug|Any CPU.ActiveCfg = Debug|Any CPU
		{FFAFC575-006B-4DFA-A245-4A99AF75EF60}.Debug|Any CPU.Build.0 = Debug|Any CPU
		{FFAFC575-006B-4DFA-A245-4A99AF75EF60}.Release|Any CPU.ActiveCfg = Release|Any CPU
		{FFAFC575-006B-4DFA-A245-4A99AF75EF60}.Release|Any CPU.Build.0 = Release|Any CPU
	EndGlobalSection
	GlobalSection(SolutionProperties) = preSolution
		HideSolutionNode = FALSE
	EndGlobalSection
	GlobalSection(ExtensibilityGlobals) = postSolution
		SolutionGuid = {27409406-836F-4854-B454-B954485DEC0A}
	EndGlobalSection
EndGlobal
